<?xml version="1.0" encoding="utf-8"?>
<Project ToolsVersion="4.0" xmlns="http://schemas.microsoft.com/developer/msbuild/2003">
  <ItemGroup>
    <Filter Include="Source Files">
      <UniqueIdentifier>{4FC737F1-C7A5-4376-A066-2A32D752A2FF}</UniqueIdentifier>
      <Extensions>cpp;c;cc;cxx;c++;cppm;ixx;def;odl;idl;hpj;bat;asm;asmx</Extensions>
    </Filter>
    <Filter Include="Configuration FIles">
      <UniqueIdentifier>{5c74613e-4228-4332-a3c8-fefd5d1d5920}</UniqueIdentifier>
    </Filter>
    <Filter Include="Source Files\Engine">
      <UniqueIdentifier>{9f0a85d8-92a3-4015-a6c9-dead9d519d84}</UniqueIdentifier>
    </Filter>
    <Filter Include="Source Files\Utils">
      <UniqueIdentifier>{d4fcce42-5e1c-45fe-9cd7-70667605680a}</UniqueIdentifier>
    </Filter>
    <Filter Include="Source Files\UI">
      <UniqueIdentifier>{c97b2a75-0c3c-490a-b6e6-e9e4ca0fb17e}</UniqueIdentifier>
    </Filter>
    <Filter Include="Source Files\Scene">
      <UniqueIdentifier>{51bc0aca-78fe-417f-8d61-1131750cced9}</UniqueIdentifier>
    </Filter>
    <Filter Include="Source Files\Scene\Dialog">
      <UniqueIdentifier>{2e28465f-ee55-497f-a36e-bcf8776ad234}</UniqueIdentifier>
    </Filter>
    <Filter Include="Source Files\Scene\Missions">
      <UniqueIdentifier>{90bbd731-b1b4-427a-8326-3cca0cc32247}</UniqueIdentifier>
    </Filter>
    <Filter Include="Source Files\Scene\Entities">
      <UniqueIdentifier>{3bd63dfe-36f2-4626-8ad9-06c3e839cd40}</UniqueIdentifier>
    </Filter>
    <Filter Include="Source Files\Scene\Entities\Items">
      <UniqueIdentifier>{7cb36070-712e-4021-b5c6-7abd506bdae9}</UniqueIdentifier>
    </Filter>
    <Filter Include="Source Files\Scene\Entities\Characters">
      <UniqueIdentifier>{32339b1c-3c03-47ba-9eb3-e8a16e58a2ad}</UniqueIdentifier>
    </Filter>
    <Filter Include="Source Files\Scene\Entities\Characters\Enemies">
      <UniqueIdentifier>{67c80c3f-fb29-48a4-bdc0-df1af52b9653}</UniqueIdentifier>
    </Filter>
    <Filter Include="Source Files\Scene\Entities\Parties">
      <UniqueIdentifier>{d6b75d78-fcf8-4765-ba12-bc0c28df7928}</UniqueIdentifier>
    </Filter>
    <Filter Include="Source Files\Scene\Entities\Static">
      <UniqueIdentifier>{4650127a-26eb-4195-9df2-fa2b6c379151}</UniqueIdentifier>
    </Filter>
    <Filter Include="Source Files\Scene\Entities\Static\Buildings">
      <UniqueIdentifier>{edff35b9-1ed2-4b72-bd13-dd33d17437b2}</UniqueIdentifier>
    </Filter>
    <Filter Include="Source Files\Scene\Entities\Static\Obstacles">
      <UniqueIdentifier>{2440a828-eb68-46a1-bd80-c11ed8d5cfed}</UniqueIdentifier>
    </Filter>
    <Filter Include="Source Files\Scene\Entities\Stats">
      <UniqueIdentifier>{748f5be0-3a02-4ca2-b5ad-976aa6259d14}</UniqueIdentifier>
    </Filter>
    <Filter Include="Source Files\Scene\Entities\Misc">
      <UniqueIdentifier>{22468b03-dfd3-48e9-b9e4-21525ffbdd13}</UniqueIdentifier>
    </Filter>
  </ItemGroup>
  <ItemGroup>
    <None Include="vcpkg.json">
      <Filter>Configuration FIles</Filter>
    </None>
    <None Include="vcpkg-configuration.json">
      <Filter>Configuration FIles</Filter>
    </None>
    <None Include=".gitignore">
      <Filter>Configuration FIles</Filter>
    </None>
    <None Include="Assets\Maps\MapTemplate.tmx">
      <Filter>Configuration FIles</Filter>
    </None>
    <None Include="Assets\Maps\MapTemplate1.tmx">
      <Filter>Configuration FIles</Filter>
    </None>
    <None Include="Assets\Textures\AnimationSheet_Character.tsx">
      <Filter>Configuration FIles</Filter>
    </None>
    <None Include="Assets\Textures\bat.tsx">
      <Filter>Configuration FIles</Filter>
    </None>
    <None Include="Assets\Textures\Multi_Slime_Spritesheet.tsx">
      <Filter>Configuration FIles</Filter>
    </None>
    <None Include="Assets\Textures\bat32.tsx">
      <Filter>Configuration FIles</Filter>
    </None>
    <None Include="Assets\Textures\Boss.tsx">
      <Filter>Configuration FIles</Filter>
    </None>
  </ItemGroup>
  <ItemGroup>
    <ClCompile Include="src\Audio.cpp">
      <Filter>Source Files\Engine</Filter>
    </ClCompile>
    <ClCompile Include="src\Engine.cpp">
      <Filter>Source Files\Engine</Filter>
    </ClCompile>
    <ClCompile Include="src\Input.cpp">
      <Filter>Source Files\Engine</Filter>
    </ClCompile>
    <ClCompile Include="src\Game.cpp">
      <Filter>Source Files\Engine</Filter>
    </ClCompile>
    <ClCompile Include="src\Render.cpp">
      <Filter>Source Files\Engine</Filter>
    </ClCompile>
    <ClCompile Include="src\Textures.cpp">
      <Filter>Source Files\Engine</Filter>
    </ClCompile>
    <ClCompile Include="src\Window.cpp">
      <Filter>Source Files\Engine</Filter>
    </ClCompile>
    <ClCompile Include="src\Log.cpp">
      <Filter>Source Files\Utils</Filter>
    </ClCompile>
    <ClCompile Include="src\Vector2D.cpp">
      <Filter>Source Files\Utils</Filter>
    </ClCompile>
    <ClCompile Include="src\Timer.cpp">
      <Filter>Source Files\Utils</Filter>
    </ClCompile>
    <ClCompile Include="src\PerfTimer.cpp">
      <Filter>Source Files\Utils</Filter>
    </ClCompile>
    <ClCompile Include="src\Physics.cpp">
      <Filter>Source Files\Engine</Filter>
    </ClCompile>
    <ClCompile Include="src\Animation.cpp">
      <Filter>Source Files\Engine</Filter>
    </ClCompile>
    <ClCompile Include="src\Pathfinding.cpp">
      <Filter>Source Files\Engine</Filter>
    </ClCompile>
    <ClCompile Include="src\XMLHandler.cpp">
      <Filter>Source Files\Utils</Filter>
    </ClCompile>
    <ClCompile Include="src\Item.cpp">
      <Filter>Source Files\Scene\Entities\Items</Filter>
    </ClCompile>
    <ClCompile Include="src\UIButton.cpp">
      <Filter>Source Files\UI</Filter>
    </ClCompile>
    <ClCompile Include="src\UICheckbox.cpp">
      <Filter>Source Files\UI</Filter>
    </ClCompile>
    <ClCompile Include="src\UILabel.cpp">
      <Filter>Source Files\UI</Filter>
    </ClCompile>
    <ClCompile Include="src\UISlider.cpp">
      <Filter>Source Files\UI</Filter>
    </ClCompile>
    <ClCompile Include="src\UIManager.cpp">
      <Filter>Source Files\Engine</Filter>
    </ClCompile>
    <ClCompile Include="src\SceneManager.cpp">
      <Filter>Source Files\Engine</Filter>
    </ClCompile>
    <ClCompile Include="src\Scene.cpp">
      <Filter>Source Files\Scene</Filter>
    </ClCompile>
    <ClCompile Include="src\Map.cpp">
      <Filter>Source Files\Scene</Filter>
    </ClCompile>
    <ClCompile Include="src\CollectMission.cpp">
      <Filter>Source Files\Scene\Missions</Filter>
    </ClCompile>
    <ClCompile Include="src\KillMission.cpp">
      <Filter>Source Files\Scene\Missions</Filter>
    </ClCompile>
    <ClCompile Include="src\Mission.cpp">
      <Filter>Source Files\Scene\Missions</Filter>
    </ClCompile>
    <ClCompile Include="src\ReachMission.cpp">
      <Filter>Source Files\Scene\Missions</Filter>
    </ClCompile>
    <ClCompile Include="src\TalkMission.cpp">
      <Filter>Source Files\Scene\Missions</Filter>
    </ClCompile>
    <ClCompile Include="src\Player.cpp">
      <Filter>Source Files\Scene\Entities\Characters</Filter>
    </ClCompile>
    <ClCompile Include="src\AICharacter.cpp">
      <Filter>Source Files\Scene\Entities\Characters</Filter>
    </ClCompile>
    <ClCompile Include="src\NPC.cpp">
      <Filter>Source Files\Scene\Entities\Characters</Filter>
    </ClCompile>
    <ClCompile Include="src\Animal.cpp">
      <Filter>Source Files\Scene\Entities\Characters\Enemies</Filter>
    </ClCompile>
    <ClCompile Include="src\Enemy.cpp">
      <Filter>Source Files\Scene\Entities\Characters\Enemies</Filter>
    </ClCompile>
    <ClCompile Include="src\Soldier.cpp">
      <Filter>Source Files\Scene\Entities\Characters\Enemies</Filter>
    </ClCompile>
    <ClCompile Include="src\Zombie.cpp">
      <Filter>Source Files\Scene\Entities\Characters\Enemies</Filter>
    </ClCompile>
    <ClCompile Include="src\EnemyParty.cpp">
      <Filter>Source Files\Scene\Entities\Parties</Filter>
    </ClCompile>
    <ClCompile Include="src\Party.cpp">
      <Filter>Source Files\Scene\Entities\Parties</Filter>
    </ClCompile>
    <ClCompile Include="src\DynamicEntity.cpp">
      <Filter>Source Files\Scene\Entities</Filter>
    </ClCompile>
    <ClCompile Include="src\StaticEntity.cpp">
      <Filter>Source Files\Scene\Entities</Filter>
    </ClCompile>
    <ClCompile Include="src\Consumable.cpp">
      <Filter>Source Files\Scene\Entities\Items</Filter>
    </ClCompile>
    <ClCompile Include="src\Gear.cpp">
      <Filter>Source Files\Scene\Entities\Items</Filter>
    </ClCompile>
    <ClCompile Include="src\Weapon.cpp">
      <Filter>Source Files\Scene\Entities\Items</Filter>
    </ClCompile>
    <ClCompile Include="src\Equipable.cpp">
      <Filter>Source Files\Scene\Entities\Items</Filter>
    </ClCompile>
    <ClCompile Include="src\InteractableItem.cpp">
      <Filter>Source Files\Scene\Entities\Items</Filter>
    </ClCompile>
    <ClCompile Include="src\NonInteractableItem.cpp">
      <Filter>Source Files\Scene\Entities\Items</Filter>
    </ClCompile>
    <ClCompile Include="src\Building.cpp">
      <Filter>Source Files\Scene\Entities\Static\Buildings</Filter>
    </ClCompile>
    <ClCompile Include="src\InteractableBuilding.cpp">
      <Filter>Source Files\Scene\Entities\Static\Buildings</Filter>
    </ClCompile>
    <ClCompile Include="src\RecuitCenter.cpp">
      <Filter>Source Files\Scene\Entities\Static\Buildings</Filter>
    </ClCompile>
    <ClCompile Include="src\Shop.cpp">
      <Filter>Source Files\Scene\Entities\Static\Buildings</Filter>
    </ClCompile>
    <ClCompile Include="src\NonInteractableBuilding.cpp">
      <Filter>Source Files\Scene\Entities\Static\Buildings</Filter>
    </ClCompile>
    <ClCompile Include="src\BreakableObstacle.cpp">
      <Filter>Source Files\Scene\Entities\Static\Obstacles</Filter>
    </ClCompile>
    <ClCompile Include="src\Obstacle.cpp">
      <Filter>Source Files\Scene\Entities\Static\Obstacles</Filter>
    </ClCompile>
    <ClCompile Include="src\UnbreakableObstacle.cpp">
      <Filter>Source Files\Scene\Entities\Static\Obstacles</Filter>
    </ClCompile>
    <ClCompile Include="src\Stats.cpp">
      <Filter>Source Files\Scene\Entities\Stats</Filter>
    </ClCompile>
    <ClCompile Include="src\Stat.cpp">
      <Filter>Source Files\Scene\Entities\Stats</Filter>
    </ClCompile>
    <ClCompile Include="src\Collider.cpp">
      <Filter>Source Files\Scene\Entities\Misc</Filter>
    </ClCompile>
    <ClCompile Include="src\Inventory.cpp">
      <Filter>Source Files\Scene\Entities\Misc</Filter>
    </ClCompile>
    <ClCompile Include="src\Menu.cpp">
      <Filter>Source Files\UI</Filter>
    </ClCompile>
    <ClCompile Include="src\DialogManager.cpp">
      <Filter>Source Files\Scene\Dialog</Filter>
    </ClCompile>
    <ClCompile Include="src\DialogNode.cpp">
      <Filter>Source Files\Scene\Dialog</Filter>
    </ClCompile>
    <ClCompile Include="src\DialogTree.cpp">
      <Filter>Source Files\Scene\Dialog</Filter>
    </ClCompile>
    <ClCompile Include="src\MissionManager.cpp">
      <Filter>Source Files\Scene\Missions</Filter>
    </ClCompile>
    <ClCompile Include="src\EntityManager.cpp">
      <Filter>Source Files\Scene\Entities</Filter>
    </ClCompile>
    <ClCompile Include="src\Combat.cpp">
      <Filter>Source Files\Scene\Entities</Filter>
    </ClCompile>
  </ItemGroup>
  <ItemGroup>
    <ClInclude Include="src\Audio.h">
      <Filter>Source Files\Engine</Filter>
    </ClInclude>
    <ClInclude Include="src\Engine.h">
      <Filter>Source Files\Engine</Filter>
    </ClInclude>
    <ClInclude Include="src\Input.h">
      <Filter>Source Files\Engine</Filter>
    </ClInclude>
    <ClInclude Include="src\Module.h">
      <Filter>Source Files\Engine</Filter>
    </ClInclude>
    <ClInclude Include="src\Render.h">
      <Filter>Source Files\Engine</Filter>
    </ClInclude>
    <ClInclude Include="src\Textures.h">
      <Filter>Source Files\Engine</Filter>
    </ClInclude>
    <ClInclude Include="src\Window.h">
      <Filter>Source Files\Engine</Filter>
    </ClInclude>
    <ClInclude Include="src\Log.h">
      <Filter>Source Files\Utils</Filter>
    </ClInclude>
    <ClInclude Include="src\Vector2D.h">
      <Filter>Source Files\Utils</Filter>
    </ClInclude>
    <ClInclude Include="src\Timer.h">
      <Filter>Source Files\Utils</Filter>
    </ClInclude>
    <ClInclude Include="src\PerfTimer.h">
      <Filter>Source Files\Utils</Filter>
    </ClInclude>
    <ClInclude Include="src\Physics.h">
      <Filter>Source Files\Engine</Filter>
    </ClInclude>
    <ClInclude Include="src\Animation.h">
      <Filter>Source Files\Engine</Filter>
    </ClInclude>
    <ClInclude Include="src\Pathfinding.h">
      <Filter>Source Files\Engine</Filter>
    </ClInclude>
    <ClInclude Include="src\XMLHandler.h">
      <Filter>Source Files\Utils</Filter>
    </ClInclude>
    <ClInclude Include="src\Item.h">
      <Filter>Source Files\Scene\Entities\Items</Filter>
    </ClInclude>
    <ClInclude Include="src\UISlider.h">
      <Filter>Source Files\UI</Filter>
    </ClInclude>
    <ClInclude Include="src\UIButton.h">
      <Filter>Source Files\UI</Filter>
    </ClInclude>
    <ClInclude Include="src\UICheckbox.h">
      <Filter>Source Files\UI</Filter>
    </ClInclude>
    <ClInclude Include="src\UIElement.h">
      <Filter>Source Files\UI</Filter>
    </ClInclude>
    <ClInclude Include="src\UILabel.h">
      <Filter>Source Files\UI</Filter>
    </ClInclude>
    <ClInclude Include="src\UIManager.h">
      <Filter>Source Files\Engine</Filter>
    </ClInclude>
    <ClInclude Include="src\SceneManager.h">
      <Filter>Source Files\Engine</Filter>
    </ClInclude>
    <ClInclude Include="src\Scene.h">
      <Filter>Source Files\Scene</Filter>
    </ClInclude>
    <ClInclude Include="src\Entity.h">
      <Filter>Source Files\Scene\Entities</Filter>
    </ClInclude>
    <ClInclude Include="src\Map.h">
      <Filter>Source Files\Scene</Filter>
    </ClInclude>
    <ClInclude Include="src\CollectMission.h">
      <Filter>Source Files\Scene\Missions</Filter>
    </ClInclude>
    <ClInclude Include="src\KillMission.h">
      <Filter>Source Files\Scene\Missions</Filter>
    </ClInclude>
    <ClInclude Include="src\Mission.h">
      <Filter>Source Files\Scene\Missions</Filter>
    </ClInclude>
    <ClInclude Include="src\ReachMission.h">
      <Filter>Source Files\Scene\Missions</Filter>
    </ClInclude>
    <ClInclude Include="src\TalkMission.h">
      <Filter>Source Files\Scene\Missions</Filter>
    </ClInclude>
    <ClInclude Include="src\Player.h">
      <Filter>Source Files\Scene\Entities\Characters</Filter>
    </ClInclude>
    <ClInclude Include="src\AICharacter.h">
      <Filter>Source Files\Scene\Entities\Characters</Filter>
    </ClInclude>
    <ClInclude Include="src\NPC.h">
      <Filter>Source Files\Scene\Entities\Characters</Filter>
    </ClInclude>
    <ClInclude Include="src\Animal.h">
      <Filter>Source Files\Scene\Entities\Characters\Enemies</Filter>
    </ClInclude>
    <ClInclude Include="src\Enemy.h">
      <Filter>Source Files\Scene\Entities\Characters\Enemies</Filter>
    </ClInclude>
    <ClInclude Include="src\Soldier.h">
      <Filter>Source Files\Scene\Entities\Characters\Enemies</Filter>
    </ClInclude>
    <ClInclude Include="src\Zombie.h">
      <Filter>Source Files\Scene\Entities\Characters\Enemies</Filter>
    </ClInclude>
    <ClInclude Include="src\EnemyParty.h">
      <Filter>Source Files\Scene\Entities\Parties</Filter>
    </ClInclude>
    <ClInclude Include="src\Party.h">
      <Filter>Source Files\Scene\Entities\Parties</Filter>
    </ClInclude>
    <ClInclude Include="src\DynamicEntity.h">
      <Filter>Source Files\Scene\Entities</Filter>
    </ClInclude>
    <ClInclude Include="src\StaticEntity.h">
      <Filter>Source Files\Scene\Entities</Filter>
    </ClInclude>
    <ClInclude Include="src\Consumable.h">
      <Filter>Source Files\Scene\Entities\Items</Filter>
    </ClInclude>
    <ClInclude Include="src\Gear.h">
      <Filter>Source Files\Scene\Entities\Items</Filter>
    </ClInclude>
    <ClInclude Include="src\Weapon.h">
      <Filter>Source Files\Scene\Entities\Items</Filter>
    </ClInclude>
    <ClInclude Include="src\Equipable.h">
      <Filter>Source Files\Scene\Entities\Items</Filter>
    </ClInclude>
    <ClInclude Include="src\InteractableItem.h">
      <Filter>Source Files\Scene\Entities\Items</Filter>
    </ClInclude>
    <ClInclude Include="src\NonInteractableItem.h">
      <Filter>Source Files\Scene\Entities\Items</Filter>
    </ClInclude>
    <ClInclude Include="src\Building.h">
      <Filter>Source Files\Scene\Entities\Static\Buildings</Filter>
    </ClInclude>
    <ClInclude Include="src\InteractableBuilding.h">
      <Filter>Source Files\Scene\Entities\Static\Buildings</Filter>
    </ClInclude>
    <ClInclude Include="src\RecuitCenter.h">
      <Filter>Source Files\Scene\Entities\Static\Buildings</Filter>
    </ClInclude>
    <ClInclude Include="src\Shop.h">
      <Filter>Source Files\Scene\Entities\Static\Buildings</Filter>
    </ClInclude>
    <ClInclude Include="src\NonInteractableBuilding.h">
      <Filter>Source Files\Scene\Entities\Static\Buildings</Filter>
    </ClInclude>
    <ClInclude Include="src\BreakableObstacle.h">
      <Filter>Source Files\Scene\Entities\Static\Obstacles</Filter>
    </ClInclude>
    <ClInclude Include="src\Obstacle.h">
      <Filter>Source Files\Scene\Entities\Static\Obstacles</Filter>
    </ClInclude>
    <ClInclude Include="src\UnbreakableObstacle.h">
      <Filter>Source Files\Scene\Entities\Static\Obstacles</Filter>
    </ClInclude>
    <ClInclude Include="src\Stats.h">
      <Filter>Source Files\Scene\Entities\Stats</Filter>
    </ClInclude>
    <ClInclude Include="src\Stat.h">
      <Filter>Source Files\Scene\Entities\Stats</Filter>
    </ClInclude>
    <ClInclude Include="src\Collider.h">
      <Filter>Source Files\Scene\Entities\Misc</Filter>
    </ClInclude>
    <ClInclude Include="src\Inventory.h">
      <Filter>Source Files\Scene\Entities\Misc</Filter>
    </ClInclude>
    <ClInclude Include="src\Menu.h">
      <Filter>Source Files\UI</Filter>
    </ClInclude>
    <ClInclude Include="src\DialogManager.h">
      <Filter>Source Files\Scene\Dialog</Filter>
    </ClInclude>
    <ClInclude Include="src\DialogNode.h">
      <Filter>Source Files\Scene\Dialog</Filter>
    </ClInclude>
    <ClInclude Include="src\DialogTree.h">
      <Filter>Source Files\Scene\Dialog</Filter>
    </ClInclude>
    <ClInclude Include="src\MissionManager.h">
      <Filter>Source Files\Scene\Missions</Filter>
    </ClInclude>
    <ClInclude Include="src\EntityManager.h">
      <Filter>Source Files\Scene\Entities</Filter>
    </ClInclude>
    <ClInclude Include="src\Combat.h">
      <Filter>Source Files\Scene\Entities</Filter>
    </ClInclude>
  </ItemGroup>
  <ItemGroup>
    <Xml Include="config.xml">
      <Filter>Configuration FIles</Filter>
    </Xml>
    <Xml Include="gamesave.xml" />
  </ItemGroup>
</Project>